
Microsoft Visual Studio Solution File, Format Version 12.00
# Visual Studio Version 17
VisualStudioVersion = 17.11.35222.181
MinimumVisualStudioVersion = 10.0.40219.1
Project("{FAE04EC0-301F-11D3-BF4B-00C04F79EFBC}") = "WebPRINTER", "WebPRINTER.csproj", "{B64C92AD-C1DA-4CF7-92D6-FB3CC975E292}"
EndProject
Global
	GlobalSection(SolutionConfigurationPlatforms) = preSolution
		Debug|Any CPU = Debug|Any CPU
		Release|Any CPU = Release|Any CPU
	EndGlobalSection
	GlobalSection(ProjectConfigurationPlatforms) = postSolution
		{B64C92AD-C1DA-4CF7-92D6-FB3CC975E292}.Debug|Any CPU.ActiveCfg = Debug|Any CPU
		{B64C92AD-C1DA-4CF7-92D6-FB3CC975E292}.Debug|Any CPU.Build.0 = Debug|Any CPU
		{B64C92AD-C1DA-4CF7-92D6-FB3CC975E292}.Release|Any CPU.ActiveCfg = Release|Any CPU
		{B64C92AD-C1DA-4CF7-92D6-FB3CC975E292}.Release|Any CPU.Build.0 = Release|Any CPU
	EndGlobalSection
	GlobalSection(SolutionProperties) = preSolution
		HideSolutionNode = FALSE
	EndGlobalSection
	GlobalSection(ExtensibilityGlobals) = postSolution
		SolutionGuid = {2D0215F0-6A2C-449B-84ED-118526A190DC}
	EndGlobalSection
EndGlobal
